{
    "_readme": [
        "This file locks the dependencies of your project to a known state",
        "Read more about it at https://getcomposer.org/doc/01-basic-usage.md#installing-dependencies",
        "This file is @generated automatically"
    ],
    "content-hash": "f2350e8543de4f914313b2697d5f90df",
    "packages": [
        {
            "name": "marcelxyz/php-xml-digital-signature",
            "version": "v1.0",
            "source": {
                "type": "git",
                "url": "https://github.com/marcelxyz/php-XmlDigitalSignature.git",
                "reference": "0caebc0799586185a916cfecb27ec27d584f6f0c"
            },
            "dist": {
                "type": "zip",
                "url": "https://api.github.com/repos/marcelxyz/php-XmlDigitalSignature/zipball/0caebc0799586185a916cfecb27ec27d584f6f0c",
                "reference": "0caebc0799586185a916cfecb27ec27d584f6f0c",
                "shasum": ""
            },
            "require": {
                "php": ">= 5.3"
            },
            "suggest": {
                "ext-mcrypt": "MCrypt extension",
                "ext-openssl": "OpenSSL extension"
            },
            "type": "library",
            "autoload": {
                "psr-4": {
                    "XmlDsig\\": "src/"
                }
            },
            "notification-url": "https://packagist.org/downloads/",
            "license": [
                "MIT"
            ],
            "authors": [
                {
                    "name": "Marcel Tyszkiewicz",
                    "email": "marcel.tyszkiewicz@gmail.com"
                }
            ],
            "description": "A PHP library for signing XML documents using digital signatures",
            "homepage": "https://github.com/marcelxyz/php-XmlDigitalSignature",
            "keywords": [
                "pkcs",
                "signature",
                "xml",
                "xml-dsig",
                "xml-sig",
                "xmldsig"
            ],
            "support": {
                "issues": "https://github.com/marcelxyz/php-XmlDigitalSignature/issues",
                "source": "https://github.com/marcelxyz/php-XmlDigitalSignature/tree/v1.0"
            },
            "time": "2017-04-07T15:43:02+00:00"
        },
        {
            "name": "mike42/escpos-php",
            "version": "v2.2",
            "source": {
                "type": "git",
                "url": "https://github.com/mike42/escpos-php.git",
                "reference": "e5496cf819b048b11877117bd14a9cea4fb17c03"
            },
            "dist": {
                "type": "zip",
                "url": "https://api.github.com/repos/mike42/escpos-php/zipball/e5496cf819b048b11877117bd14a9cea4fb17c03",
                "reference": "e5496cf819b048b11877117bd14a9cea4fb17c03",
                "shasum": ""
            },
            "require": {
                "ext-mbstring": "*",
                "php": ">=5.4.0"
            },
            "require-dev": {
                "guzzlehttp/guzzle": "^5.3",
                "phpunit/phpunit": "^4.8",
                "squizlabs/php_codesniffer": "^3.2"
            },
            "suggest": {
                "ext-gd": "Used for image printing if present.",
                "ext-imagick": "Will be used for image printing if present. Required for PDF printing or use of custom fonts.",
                "guzzlehttp/guzzle": "Allows the use of the ApiConnector to send print jobs over HTTP."
            },
            "type": "library",
            "autoload": {
                "psr-4": {
                    "Mike42\\": "src/Mike42"
                }
            },
            "notification-url": "https://packagist.org/downloads/",
            "license": [
                "MIT"
            ],
            "authors": [
                {
                    "name": "Michael Billington",
                    "email": "michael.billington@gmail.com"
                }
            ],
            "description": "PHP receipt printer library for use with ESC/POS-compatible thermal and impact printers",
            "homepage": "https://github.com/mike42/escpos-php",
            "keywords": [
                "ESC-POS",
                "driver",
                "escpos",
                "print",
                "receipt"
            ],
            "support": {
                "issues": "https://github.com/mike42/escpos-php/issues",
                "source": "https://github.com/mike42/escpos-php/tree/v2.2"
            },
            "time": "2019-10-05T05:59:00+00:00"
        },
        {
            "name": "phpseclib/phpseclib",
            "version": "2.0.45",
            "source": {
                "type": "git",
                "url": "https://github.com/phpseclib/phpseclib.git",
                "reference": "28d8f438a0064c9de80857e3270d071495544640"
            },
            "dist": {
                "type": "zip",
                "url": "https://api.github.com/repos/phpseclib/phpseclib/zipball/28d8f438a0064c9de80857e3270d071495544640",
                "reference": "28d8f438a0064c9de80857e3270d071495544640",
                "shasum": ""
            },
            "require": {
                "php": ">=5.3.3"
            },
            "require-dev": {
                "phing/phing": "~2.7",
                "phpunit/phpunit": "^4.8.35|^5.7|^6.0|^9.4",
                "squizlabs/php_codesniffer": "~2.0"
            },
            "suggest": {
                "ext-gmp": "Install the GMP (GNU Multiple Precision) extension in order to speed up arbitrary precision integer arithmetic operations.",
                "ext-libsodium": "SSH2/SFTP can make use of some algorithms provided by the libsodium-php extension.",
                "ext-mcrypt": "Install the Mcrypt extension in order to speed up a few other cryptographic operations.",
                "ext-openssl": "Install the OpenSSL extension in order to speed up a wide variety of cryptographic operations.",
                "ext-xml": "Install the XML extension to load XML formatted public keys."
            },
            "type": "library",
            "autoload": {
                "files": [
                    "phpseclib/bootstrap.php"
                ],
                "psr-4": {
                    "phpseclib\\": "phpseclib/"
                }
            },
            "notification-url": "https://packagist.org/downloads/",
            "license": [
                "MIT"
            ],
            "authors": [
                {
                    "name": "Jim Wigginton",
                    "email": "terrafrost@php.net",
                    "role": "Lead Developer"
                },
                {
                    "name": "Patrick Monnerat",
                    "email": "pm@datasphere.ch",
                    "role": "Developer"
                },
                {
                    "name": "Andreas Fischer",
                    "email": "bantu@phpbb.com",
                    "role": "Developer"
                },
                {
                    "name": "Hans-Jürgen Petrich",
                    "email": "petrich@tronic-media.com",
                    "role": "Developer"
                },
                {
                    "name": "Graham Campbell",
                    "email": "graham@alt-three.com",
                    "role": "Developer"
                }
            ],
            "description": "PHP Secure Communications Library - Pure-PHP implementations of RSA, AES, SSH2, SFTP, X.509 etc.",
            "homepage": "http://phpseclib.sourceforge.net",
            "keywords": [
                "BigInteger",
                "aes",
                "asn.1",
                "asn1",
                "blowfish",
                "crypto",
                "cryptography",
                "encryption",
                "rsa",
                "security",
                "sftp",
                "signature",
                "signing",
                "ssh",
                "twofish",
                "x.509",
                "x509"
            ],
            "support": {
                "issues": "https://github.com/phpseclib/phpseclib/issues",
                "source": "https://github.com/phpseclib/phpseclib/tree/2.0.45"
            },
            "funding": [
                {
                    "url": "https://github.com/terrafrost",
                    "type": "github"
                },
                {
                    "url": "https://www.patreon.com/phpseclib",
                    "type": "patreon"
                },
                {
                    "url": "https://tidelift.com/funding/github/packagist/phpseclib/phpseclib",
                    "type": "tidelift"
                }
            ],
            "time": "2023-09-15T20:55:47+00:00"
        },
        {
            "name": "robrichards/xmlseclibs",
            "version": "3.1.1",
            "source": {
                "type": "git",
                "url": "https://github.com/robrichards/xmlseclibs.git",
                "reference": "f8f19e58f26cdb42c54b214ff8a820760292f8df"
            },
            "dist": {
                "type": "zip",
                "url": "https://api.github.com/repos/robrichards/xmlseclibs/zipball/f8f19e58f26cdb42c54b214ff8a820760292f8df",
                "reference": "f8f19e58f26cdb42c54b214ff8a820760292f8df",
                "shasum": ""
            },
            "require": {
                "ext-openssl": "*",
                "php": ">= 5.4"
            },
            "type": "library",
            "autoload": {
                "psr-4": {
                    "RobRichards\\XMLSecLibs\\": "src"
                }
            },
            "notification-url": "https://packagist.org/downloads/",
            "license": [
                "BSD-3-Clause"
            ],
            "description": "A PHP library for XML Security",
            "homepage": "https://github.com/robrichards/xmlseclibs",
            "keywords": [
                "security",
                "signature",
                "xml",
                "xmldsig"
            ],
            "support": {
                "issues": "https://github.com/robrichards/xmlseclibs/issues",
                "source": "https://github.com/robrichards/xmlseclibs/tree/3.1.1"
            },
            "time": "2020-09-05T13:00:25+00:00"
        },
        {
            "name": "twilio/sdk",
            "version": "7.9.0",
            "source": {
                "type": "git",
                "url": "git@github.com:twilio/twilio-php.git",
                "reference": "e23666fbe0cf8c85cb3cbd182f119f6de642c65f"
            },
            "dist": {
                "type": "zip",
                "url": "https://api.github.com/repos/twilio/twilio-php/zipball/e23666fbe0cf8c85cb3cbd182f119f6de642c65f",
                "reference": "e23666fbe0cf8c85cb3cbd182f119f6de642c65f",
                "shasum": ""
            },
            "require": {
                "php": ">=7.1.0"
            },
            "require-dev": {
                "guzzlehttp/guzzle": "^6.3 || ^7.0",
                "phpunit/phpunit": ">=7.0 < 10"
            },
            "suggest": {
                "guzzlehttp/guzzle": "An HTTP client to execute the API requests"
            },
            "type": "library",
            "autoload": {
                "psr-4": {
                    "Twilio\\": "src/Twilio/"
                }
            },
            "notification-url": "https://packagist.org/downloads/",
            "license": [
                "MIT"
            ],
            "authors": [
                {
                    "name": "Twilio API Team",
                    "email": "api@twilio.com"
                }
            ],
            "description": "A PHP wrapper for Twilio's API",
            "homepage": "https://github.com/twilio/twilio-php",
            "keywords": [
                "api",
                "sms",
                "twilio"
            ],
            "time": "2023-08-24T07:38:49+00:00"
        }
    ],
    "packages-dev": [],
    "aliases": [],
    "minimum-stability": "stable",
    "stability-flags": [],
    "prefer-stable": false,
    "prefer-lowest": false,
    "platform": {
        "php": ">=5.2.4"
    },
    "platform-dev": [],
    "plugin-api-version": "2.6.0"
}
